// !$*UTF8*$!
{
	archiveVersion = 1;
	classes = {
	};
	objectVersion = 56;
	objects = {

/* Begin PBXBuildFile section */
		210FFD432C8F05B00011D309 /* GoogleService-Info.plist in Resources */ = {isa = PBXBuildFile; fileRef = 210FFD422C8F05B00011D309 /* GoogleService-Info.plist */; };
		210FFD452C8F11FD0011D309 /* FeedUseCase.swift in Sources */ = {isa = PBXBuildFile; fileRef = 210FFD442C8F11FD0011D309 /* FeedUseCase.swift */; };
		210FFD482C8F17AE0011D309 /* UploadFeedRequestDTO.swift in Sources */ = {isa = PBXBuildFile; fileRef = 210FFD472C8F17AE0011D309 /* UploadFeedRequestDTO.swift */; };
		210FFD4D2C9047450011D309 /* RxDataSources in Frameworks */ = {isa = PBXBuildFile; productRef = 210FFD4C2C9047450011D309 /* RxDataSources */; };
		21134AAF2C9D72B0007EB9A4 /* FirebaseAnalytics in Frameworks */ = {isa = PBXBuildFile; productRef = 21134AAE2C9D72B0007EB9A4 /* FirebaseAnalytics */; };
		21134AB12C9D72B0007EB9A4 /* FirebaseFirestore in Frameworks */ = {isa = PBXBuildFile; productRef = 21134AB02C9D72B0007EB9A4 /* FirebaseFirestore */; };
		21134AB32C9D72B0007EB9A4 /* FirebaseStorage in Frameworks */ = {isa = PBXBuildFile; productRef = 21134AB22C9D72B0007EB9A4 /* FirebaseStorage */; };
		211BDB062BC853C700404C3D /* AddFeedViewController.swift in Sources */ = {isa = PBXBuildFile; fileRef = 211BDB052BC853C700404C3D /* AddFeedViewController.swift */; };
		2122F3CD2BCEAD960065DD02 /* Kingfisher in Frameworks */ = {isa = PBXBuildFile; productRef = 2122F3CC2BCEAD960065DD02 /* Kingfisher */; };
		2138698B2C8B0C0300FB2300 /* SnapKit in Frameworks */ = {isa = PBXBuildFile; productRef = 2138698A2C8B0C0300FB2300 /* SnapKit */; };
		2138698E2C8B0C2800FB2300 /* RxCocoa in Frameworks */ = {isa = PBXBuildFile; productRef = 2138698D2C8B0C2800FB2300 /* RxCocoa */; };
		213869902C8B0C2800FB2300 /* RxRelay in Frameworks */ = {isa = PBXBuildFile; productRef = 2138698F2C8B0C2800FB2300 /* RxRelay */; };
		213869922C8B0C2800FB2300 /* RxSwift in Frameworks */ = {isa = PBXBuildFile; productRef = 213869912C8B0C2800FB2300 /* RxSwift */; };
		2138699A2C8B12E500FB2300 /* HomeViewModelTests.swift in Sources */ = {isa = PBXBuildFile; fileRef = 213869992C8B12E500FB2300 /* HomeViewModelTests.swift */; };
		213869A72C8B1C0100FB2300 /* DailyMusicUITests.swift in Sources */ = {isa = PBXBuildFile; fileRef = 213869A62C8B1C0100FB2300 /* DailyMusicUITests.swift */; };
		213869A92C8B1C0100FB2300 /* DailyMusicUITestsLaunchTests.swift in Sources */ = {isa = PBXBuildFile; fileRef = 213869A82C8B1C0100FB2300 /* DailyMusicUITestsLaunchTests.swift */; };
		2147F7712BCE654F001230D7 /* UITextField+.swift in Sources */ = {isa = PBXBuildFile; fileRef = 2147F7702BCE654F001230D7 /* UITextField+.swift */; };
		2147F77C2BCE795A001230D7 /* AddFeedViewModel.swift in Sources */ = {isa = PBXBuildFile; fileRef = 2147F77B2BCE795A001230D7 /* AddFeedViewModel.swift */; };
		2147F77F2BCE82E1001230D7 /* HomeViewModel.swift in Sources */ = {isa = PBXBuildFile; fileRef = 2147F77E2BCE82E1001230D7 /* HomeViewModel.swift */; };
		2150A3682BCD8541009B2420 /* AddFeedView.swift in Sources */ = {isa = PBXBuildFile; fileRef = 2150A3672BCD8541009B2420 /* AddFeedView.swift */; };
		2163C4D52BC685EB005C7079 /* Then in Frameworks */ = {isa = PBXBuildFile; productRef = 2163C4D42BC685EB005C7079 /* Then */; };
		217387BC2B933E86009FCF16 /* AppDelegate.swift in Sources */ = {isa = PBXBuildFile; fileRef = 217387BB2B933E86009FCF16 /* AppDelegate.swift */; };
		217387BE2B933E86009FCF16 /* SceneDelegate.swift in Sources */ = {isa = PBXBuildFile; fileRef = 217387BD2B933E86009FCF16 /* SceneDelegate.swift */; };
		217387C02B933E86009FCF16 /* HomeViewController.swift in Sources */ = {isa = PBXBuildFile; fileRef = 217387BF2B933E86009FCF16 /* HomeViewController.swift */; };
		217387C52B933E87009FCF16 /* Assets.xcassets in Resources */ = {isa = PBXBuildFile; fileRef = 217387C42B933E87009FCF16 /* Assets.xcassets */; };
		217387C82B933E87009FCF16 /* LaunchScreen.storyboard in Resources */ = {isa = PBXBuildFile; fileRef = 217387C62B933E87009FCF16 /* LaunchScreen.storyboard */; };
		217387D02B934DED009FCF16 /* MyProfileViewController.swift in Sources */ = {isa = PBXBuildFile; fileRef = 217387CF2B934DED009FCF16 /* MyProfileViewController.swift */; };
		217387D52B935369009FCF16 /* HomeView.swift in Sources */ = {isa = PBXBuildFile; fileRef = 217387D42B935369009FCF16 /* HomeView.swift */; };
		217387DF2B935AD1009FCF16 /* HomeCollectionViewCell.swift in Sources */ = {isa = PBXBuildFile; fileRef = 217387DE2B935AD1009FCF16 /* HomeCollectionViewCell.swift */; };
		21AACD6D2C8B778A0015D35E /* Feed.swift in Sources */ = {isa = PBXBuildFile; fileRef = 21AACD6C2C8B778A0015D35E /* Feed.swift */; };
		21AACD712C8B792B0015D35E /* RepositoryInterface.swift in Sources */ = {isa = PBXBuildFile; fileRef = 21AACD702C8B792B0015D35E /* RepositoryInterface.swift */; };
		21AACD7B2C8B7ACE0015D35E /* Repository.swift in Sources */ = {isa = PBXBuildFile; fileRef = 21AACD7A2C8B7ACE0015D35E /* Repository.swift */; };
		21AACD7E2C8B7C9F0015D35E /* GetFeedResponseDTO.swift in Sources */ = {isa = PBXBuildFile; fileRef = 21AACD7D2C8B7C9F0015D35E /* GetFeedResponseDTO.swift */; };
/* End PBXBuildFile section */

/* Begin PBXContainerItemProxy section */
		2138699B2C8B12E500FB2300 /* PBXContainerItemProxy */ = {
			isa = PBXContainerItemProxy;
			containerPortal = 217387B02B933E86009FCF16 /* Project object */;
			proxyType = 1;
			remoteGlobalIDString = 217387B72B933E86009FCF16;
			remoteInfo = DailyMusic;
		};
		213869AA2C8B1C0100FB2300 /* PBXContainerItemProxy */ = {
			isa = PBXContainerItemProxy;
			containerPortal = 217387B02B933E86009FCF16 /* Project object */;
			proxyType = 1;
			remoteGlobalIDString = 217387B72B933E86009FCF16;
			remoteInfo = DailyMusic;
		};
/* End PBXContainerItemProxy section */

/* Begin PBXFileReference section */
		210FFD422C8F05B00011D309 /* GoogleService-Info.plist */ = {isa = PBXFileReference; fileEncoding = 4; lastKnownFileType = text.plist.xml; name = "GoogleService-Info.plist"; path = "../../../Downloads/GoogleService-Info.plist"; sourceTree = "<group>"; };
		210FFD442C8F11FD0011D309 /* FeedUseCase.swift */ = {isa = PBXFileReference; lastKnownFileType = sourcecode.swift; path = FeedUseCase.swift; sourceTree = "<group>"; };
		210FFD472C8F17AE0011D309 /* UploadFeedRequestDTO.swift */ = {isa = PBXFileReference; lastKnownFileType = sourcecode.swift; path = UploadFeedRequestDTO.swift; sourceTree = "<group>"; };
		211BDB052BC853C700404C3D /* AddFeedViewController.swift */ = {isa = PBXFileReference; lastKnownFileType = sourcecode.swift; path = AddFeedViewController.swift; sourceTree = "<group>"; };
		213869972C8B12E500FB2300 /* DailyMusicTests.xctest */ = {isa = PBXFileReference; explicitFileType = wrapper.cfbundle; includeInIndex = 0; path = DailyMusicTests.xctest; sourceTree = BUILT_PRODUCTS_DIR; };
		213869992C8B12E500FB2300 /* HomeViewModelTests.swift */ = {isa = PBXFileReference; lastKnownFileType = sourcecode.swift; path = HomeViewModelTests.swift; sourceTree = "<group>"; };
		213869A42C8B1C0100FB2300 /* DailyMusicUITests.xctest */ = {isa = PBXFileReference; explicitFileType = wrapper.cfbundle; includeInIndex = 0; path = DailyMusicUITests.xctest; sourceTree = BUILT_PRODUCTS_DIR; };
		213869A62C8B1C0100FB2300 /* DailyMusicUITests.swift */ = {isa = PBXFileReference; lastKnownFileType = sourcecode.swift; path = DailyMusicUITests.swift; sourceTree = "<group>"; };
		213869A82C8B1C0100FB2300 /* DailyMusicUITestsLaunchTests.swift */ = {isa = PBXFileReference; lastKnownFileType = sourcecode.swift; path = DailyMusicUITestsLaunchTests.swift; sourceTree = "<group>"; };
		2147F7702BCE654F001230D7 /* UITextField+.swift */ = {isa = PBXFileReference; lastKnownFileType = sourcecode.swift; path = "UITextField+.swift"; sourceTree = "<group>"; };
		2147F77B2BCE795A001230D7 /* AddFeedViewModel.swift */ = {isa = PBXFileReference; lastKnownFileType = sourcecode.swift; path = AddFeedViewModel.swift; sourceTree = "<group>"; };
		2147F77E2BCE82E1001230D7 /* HomeViewModel.swift */ = {isa = PBXFileReference; lastKnownFileType = sourcecode.swift; path = HomeViewModel.swift; sourceTree = "<group>"; };
		2150A3672BCD8541009B2420 /* AddFeedView.swift */ = {isa = PBXFileReference; lastKnownFileType = sourcecode.swift; path = AddFeedView.swift; sourceTree = "<group>"; };
		217387B82B933E86009FCF16 /* DailyMusic.app */ = {isa = PBXFileReference; explicitFileType = wrapper.application; includeInIndex = 0; path = DailyMusic.app; sourceTree = BUILT_PRODUCTS_DIR; };
		217387BB2B933E86009FCF16 /* AppDelegate.swift */ = {isa = PBXFileReference; lastKnownFileType = sourcecode.swift; path = AppDelegate.swift; sourceTree = "<group>"; };
		217387BD2B933E86009FCF16 /* SceneDelegate.swift */ = {isa = PBXFileReference; lastKnownFileType = sourcecode.swift; path = SceneDelegate.swift; sourceTree = "<group>"; };
		217387BF2B933E86009FCF16 /* HomeViewController.swift */ = {isa = PBXFileReference; lastKnownFileType = sourcecode.swift; path = HomeViewController.swift; sourceTree = "<group>"; };
		217387C42B933E87009FCF16 /* Assets.xcassets */ = {isa = PBXFileReference; lastKnownFileType = folder.assetcatalog; path = Assets.xcassets; sourceTree = "<group>"; };
		217387C72B933E87009FCF16 /* Base */ = {isa = PBXFileReference; lastKnownFileType = file.storyboard; name = Base; path = Base.lproj/LaunchScreen.storyboard; sourceTree = "<group>"; };
		217387C92B933E87009FCF16 /* Info.plist */ = {isa = PBXFileReference; lastKnownFileType = text.plist.xml; path = Info.plist; sourceTree = "<group>"; };
		217387CF2B934DED009FCF16 /* MyProfileViewController.swift */ = {isa = PBXFileReference; lastKnownFileType = sourcecode.swift; path = MyProfileViewController.swift; sourceTree = "<group>"; };
		217387D42B935369009FCF16 /* HomeView.swift */ = {isa = PBXFileReference; lastKnownFileType = sourcecode.swift; path = HomeView.swift; sourceTree = "<group>"; };
		217387DE2B935AD1009FCF16 /* HomeCollectionViewCell.swift */ = {isa = PBXFileReference; lastKnownFileType = sourcecode.swift; path = HomeCollectionViewCell.swift; sourceTree = "<group>"; };
		21AACD6C2C8B778A0015D35E /* Feed.swift */ = {isa = PBXFileReference; lastKnownFileType = sourcecode.swift; path = Feed.swift; sourceTree = "<group>"; };
		21AACD702C8B792B0015D35E /* RepositoryInterface.swift */ = {isa = PBXFileReference; lastKnownFileType = sourcecode.swift; path = RepositoryInterface.swift; sourceTree = "<group>"; };
		21AACD7A2C8B7ACE0015D35E /* Repository.swift */ = {isa = PBXFileReference; lastKnownFileType = sourcecode.swift; path = Repository.swift; sourceTree = "<group>"; };
		21AACD7D2C8B7C9F0015D35E /* GetFeedResponseDTO.swift */ = {isa = PBXFileReference; lastKnownFileType = sourcecode.swift; path = GetFeedResponseDTO.swift; sourceTree = "<group>"; };
/* End PBXFileReference section */

/* Begin PBXFrameworksBuildPhase section */
		213869942C8B12E500FB2300 /* Frameworks */ = {
			isa = PBXFrameworksBuildPhase;
			buildActionMask = 2147483647;
			files = (
			);
			runOnlyForDeploymentPostprocessing = 0;
		};
		213869A12C8B1C0100FB2300 /* Frameworks */ = {
			isa = PBXFrameworksBuildPhase;
			buildActionMask = 2147483647;
			files = (
			);
			runOnlyForDeploymentPostprocessing = 0;
		};
		217387B52B933E86009FCF16 /* Frameworks */ = {
			isa = PBXFrameworksBuildPhase;
			buildActionMask = 2147483647;
			files = (
				2138698E2C8B0C2800FB2300 /* RxCocoa in Frameworks */,
				213869902C8B0C2800FB2300 /* RxRelay in Frameworks */,
				21134AAF2C9D72B0007EB9A4 /* FirebaseAnalytics in Frameworks */,
				21134AB32C9D72B0007EB9A4 /* FirebaseStorage in Frameworks */,
				2163C4D52BC685EB005C7079 /* Then in Frameworks */,
				2122F3CD2BCEAD960065DD02 /* Kingfisher in Frameworks */,
				21134AB12C9D72B0007EB9A4 /* FirebaseFirestore in Frameworks */,
				210FFD4D2C9047450011D309 /* RxDataSources in Frameworks */,
				213869922C8B0C2800FB2300 /* RxSwift in Frameworks */,
				2138698B2C8B0C0300FB2300 /* SnapKit in Frameworks */,
			);
			runOnlyForDeploymentPostprocessing = 0;
		};
/* End PBXFrameworksBuildPhase section */

/* Begin PBXGroup section */
		210FFD462C8F12010011D309 /* UseCase */ = {
			isa = PBXGroup;
			children = (
				210FFD442C8F11FD0011D309 /* FeedUseCase.swift */,
			);
			path = UseCase;
			sourceTree = "<group>";
		};
		210FFD492C8F17C50011D309 /* ResponseDTO */ = {
			isa = PBXGroup;
			children = (
				21AACD7D2C8B7C9F0015D35E /* GetFeedResponseDTO.swift */,
			);
			path = ResponseDTO;
			sourceTree = "<group>";
		};
		210FFD4A2C8F17CE0011D309 /* RequestDTO */ = {
			isa = PBXGroup;
			children = (
				210FFD472C8F17AE0011D309 /* UploadFeedRequestDTO.swift */,
			);
			path = RequestDTO;
			sourceTree = "<group>";
		};
		211BDB072BC853CB00404C3D /* AddFeed */ = {
			isa = PBXGroup;
			children = (
				2150A3662BCD8528009B2420 /* AddFeedViewController */,
				2147F77D2BCE7962001230D7 /* AddFeedViewModel */,
			);
			path = AddFeed;
			sourceTree = "<group>";
		};
		213869982C8B12E500FB2300 /* DailyMusicTests */ = {
			isa = PBXGroup;
			children = (
				213869992C8B12E500FB2300 /* HomeViewModelTests.swift */,
			);
			path = DailyMusicTests;
			sourceTree = "<group>";
		};
		213869A52C8B1C0100FB2300 /* DailyMusicUITests */ = {
			isa = PBXGroup;
			children = (
				213869A62C8B1C0100FB2300 /* DailyMusicUITests.swift */,
				213869A82C8B1C0100FB2300 /* DailyMusicUITestsLaunchTests.swift */,
			);
			path = DailyMusicUITests;
			sourceTree = "<group>";
		};
		2147F7722BCE6554001230D7 /* Extensions */ = {
			isa = PBXGroup;
			children = (
				2147F7702BCE654F001230D7 /* UITextField+.swift */,
			);
			path = Extensions;
			sourceTree = "<group>";
		};
		2147F77D2BCE7962001230D7 /* AddFeedViewModel */ = {
			isa = PBXGroup;
			children = (
				2147F77B2BCE795A001230D7 /* AddFeedViewModel.swift */,
			);
			path = AddFeedViewModel;
			sourceTree = "<group>";
		};
		2147F7802BCE82E7001230D7 /* HomeViewModel */ = {
			isa = PBXGroup;
			children = (
				2147F77E2BCE82E1001230D7 /* HomeViewModel.swift */,
			);
			path = HomeViewModel;
			sourceTree = "<group>";
		};
		2150A3662BCD8528009B2420 /* AddFeedViewController */ = {
			isa = PBXGroup;
			children = (
				211BDB052BC853C700404C3D /* AddFeedViewController.swift */,
				2150A3692BCD854E009B2420 /* AddFeedView */,
			);
			path = AddFeedViewController;
			sourceTree = "<group>";
		};
		2150A3692BCD854E009B2420 /* AddFeedView */ = {
			isa = PBXGroup;
			children = (
				2150A3672BCD8541009B2420 /* AddFeedView.swift */,
			);
			path = AddFeedView;
			sourceTree = "<group>";
		};
		217387AF2B933E86009FCF16 = {
			isa = PBXGroup;
			children = (
				217387BA2B933E86009FCF16 /* DailyMusic */,
				217387B92B933E86009FCF16 /* Products */,
			);
			sourceTree = "<group>";
		};
		217387B92B933E86009FCF16 /* Products */ = {
			isa = PBXGroup;
			children = (
				217387B82B933E86009FCF16 /* DailyMusic.app */,
				213869972C8B12E500FB2300 /* DailyMusicTests.xctest */,
				213869A42C8B1C0100FB2300 /* DailyMusicUITests.xctest */,
			);
			name = Products;
			sourceTree = "<group>";
		};
		217387BA2B933E86009FCF16 /* DailyMusic */ = {
			isa = PBXGroup;
			children = (
				21AACD642C8B76C10015D35E /* Application */,
				21AACD652C8B76F20015D35E /* Global */,
				21AACD6A2C8B775D0015D35E /* Data */,
				21AACD692C8B77550015D35E /* Domain */,
				21AACD672C8B77150015D35E /* Presenter */,
				210FFD422C8F05B00011D309 /* GoogleService-Info.plist */,
				217387C92B933E87009FCF16 /* Info.plist */,
				213869982C8B12E500FB2300 /* DailyMusicTests */,
				213869A52C8B1C0100FB2300 /* DailyMusicUITests */,
			);
			path = DailyMusic;
			sourceTree = "<group>";
		};
		217387D32B935349009FCF16 /* Home */ = {
			isa = PBXGroup;
			children = (
				217387D92B93596B009FCF16 /* HomeViewController */,
				2147F7802BCE82E7001230D7 /* HomeViewModel */,
			);
			path = Home;
			sourceTree = "<group>";
		};
		217387D92B93596B009FCF16 /* HomeViewController */ = {
			isa = PBXGroup;
			children = (
				217387BF2B933E86009FCF16 /* HomeViewController.swift */,
				217387DA2B935987009FCF16 /* HomeView */,
			);
			path = HomeViewController;
			sourceTree = "<group>";
		};
		217387DA2B935987009FCF16 /* HomeView */ = {
			isa = PBXGroup;
			children = (
				217387D42B935369009FCF16 /* HomeView.swift */,
				217387DD2B935A52009FCF16 /* HomeFeedCell */,
			);
			path = HomeView;
			sourceTree = "<group>";
		};
		217387DD2B935A52009FCF16 /* HomeFeedCell */ = {
			isa = PBXGroup;
			children = (
				217387DE2B935AD1009FCF16 /* HomeCollectionViewCell.swift */,
			);
			path = HomeFeedCell;
			sourceTree = "<group>";
		};
		21AACD642C8B76C10015D35E /* Application */ = {
			isa = PBXGroup;
			children = (
				217387BB2B933E86009FCF16 /* AppDelegate.swift */,
				217387BD2B933E86009FCF16 /* SceneDelegate.swift */,
				217387C62B933E87009FCF16 /* LaunchScreen.storyboard */,
			);
			path = Application;
			sourceTree = "<group>";
		};
		21AACD652C8B76F20015D35E /* Global */ = {
			isa = PBXGroup;
			children = (
				2147F7722BCE6554001230D7 /* Extensions */,
				21AACD662C8B76F80015D35E /* Resource */,
			);
			path = Global;
			sourceTree = "<group>";
		};
		21AACD662C8B76F80015D35E /* Resource */ = {
			isa = PBXGroup;
			children = (
				217387C42B933E87009FCF16 /* Assets.xcassets */,
			);
			path = Resource;
			sourceTree = "<group>";
		};
		21AACD672C8B77150015D35E /* Presenter */ = {
			isa = PBXGroup;
			children = (
				217387D32B935349009FCF16 /* Home */,
				211BDB072BC853CB00404C3D /* AddFeed */,
				21AACD682C8B771F0015D35E /* MyProfile */,
			);
			path = Presenter;
			sourceTree = "<group>";
		};
		21AACD682C8B771F0015D35E /* MyProfile */ = {
			isa = PBXGroup;
			children = (
				217387CF2B934DED009FCF16 /* MyProfileViewController.swift */,
			);
			path = MyProfile;
			sourceTree = "<group>";
		};
		21AACD692C8B77550015D35E /* Domain */ = {
			isa = PBXGroup;
			children = (
				21AACD6B2C8B777E0015D35E /* Entity */,
				210FFD462C8F12010011D309 /* UseCase */,
				21AACD722C8B79310015D35E /* Interface */,
			);
			path = Domain;
			sourceTree = "<group>";
		};
		21AACD6A2C8B775D0015D35E /* Data */ = {
			isa = PBXGroup;
			children = (
				21AACD7F2C8B7CA20015D35E /* DTO */,
				21AACD7C2C8B7AD40015D35E /* Repository */,
			);
			path = Data;
			sourceTree = "<group>";
		};
		21AACD6B2C8B777E0015D35E /* Entity */ = {
			isa = PBXGroup;
			children = (
				21AACD6C2C8B778A0015D35E /* Feed.swift */,
			);
			path = Entity;
			sourceTree = "<group>";
		};
		21AACD722C8B79310015D35E /* Interface */ = {
			isa = PBXGroup;
			children = (
				21AACD702C8B792B0015D35E /* RepositoryInterface.swift */,
			);
			path = Interface;
			sourceTree = "<group>";
		};
		21AACD7C2C8B7AD40015D35E /* Repository */ = {
			isa = PBXGroup;
			children = (
				21AACD7A2C8B7ACE0015D35E /* Repository.swift */,
			);
			path = Repository;
			sourceTree = "<group>";
		};
		21AACD7F2C8B7CA20015D35E /* DTO */ = {
			isa = PBXGroup;
			children = (
				210FFD492C8F17C50011D309 /* ResponseDTO */,
				210FFD4A2C8F17CE0011D309 /* RequestDTO */,
			);
			path = DTO;
			sourceTree = "<group>";
		};
/* End PBXGroup section */

/* Begin PBXNativeTarget section */
		213869962C8B12E500FB2300 /* DailyMusicTests */ = {
			isa = PBXNativeTarget;
			buildConfigurationList = 2138699D2C8B12E500FB2300 /* Build configuration list for PBXNativeTarget "DailyMusicTests" */;
			buildPhases = (
				213869932C8B12E500FB2300 /* Sources */,
				213869942C8B12E500FB2300 /* Frameworks */,
				213869952C8B12E500FB2300 /* Resources */,
			);
			buildRules = (
			);
			dependencies = (
				2138699C2C8B12E500FB2300 /* PBXTargetDependency */,
			);
			name = DailyMusicTests;
			productName = DailyMusicTests;
			productReference = 213869972C8B12E500FB2300 /* DailyMusicTests.xctest */;
			productType = "com.apple.product-type.bundle.unit-test";
		};
		213869A32C8B1C0100FB2300 /* DailyMusicUITests */ = {
			isa = PBXNativeTarget;
			buildConfigurationList = 213869AC2C8B1C0100FB2300 /* Build configuration list for PBXNativeTarget "DailyMusicUITests" */;
			buildPhases = (
				213869A02C8B1C0100FB2300 /* Sources */,
				213869A12C8B1C0100FB2300 /* Frameworks */,
				213869A22C8B1C0100FB2300 /* Resources */,
			);
			buildRules = (
			);
			dependencies = (
				213869AB2C8B1C0100FB2300 /* PBXTargetDependency */,
			);
			name = DailyMusicUITests;
			productName = DailyMusicUITests;
			productReference = 213869A42C8B1C0100FB2300 /* DailyMusicUITests.xctest */;
			productType = "com.apple.product-type.bundle.ui-testing";
		};
		217387B72B933E86009FCF16 /* DailyMusic */ = {
			isa = PBXNativeTarget;
			buildConfigurationList = 217387CC2B933E87009FCF16 /* Build configuration list for PBXNativeTarget "DailyMusic" */;
			buildPhases = (
				217387B42B933E86009FCF16 /* Sources */,
				217387B52B933E86009FCF16 /* Frameworks */,
				217387B62B933E86009FCF16 /* Resources */,
			);
			buildRules = (
			);
			dependencies = (
			);
			name = DailyMusic;
			packageProductDependencies = (
				2163C4D42BC685EB005C7079 /* Then */,
				2122F3CC2BCEAD960065DD02 /* Kingfisher */,
				2138698A2C8B0C0300FB2300 /* SnapKit */,
				2138698D2C8B0C2800FB2300 /* RxCocoa */,
				2138698F2C8B0C2800FB2300 /* RxRelay */,
				213869912C8B0C2800FB2300 /* RxSwift */,
				210FFD4C2C9047450011D309 /* RxDataSources */,
				21134AAE2C9D72B0007EB9A4 /* FirebaseAnalytics */,
				21134AB02C9D72B0007EB9A4 /* FirebaseFirestore */,
				21134AB22C9D72B0007EB9A4 /* FirebaseStorage */,
			);
			productName = DailyMusic;
			productReference = 217387B82B933E86009FCF16 /* DailyMusic.app */;
			productType = "com.apple.product-type.application";
		};
/* End PBXNativeTarget section */

/* Begin PBXProject section */
		217387B02B933E86009FCF16 /* Project object */ = {
			isa = PBXProject;
			attributes = {
				BuildIndependentTargetsInParallel = 1;
				LastSwiftUpdateCheck = 1540;
				LastUpgradeCheck = 1540;
				TargetAttributes = {
					213869962C8B12E500FB2300 = {
						CreatedOnToolsVersion = 15.4;
						TestTargetID = 217387B72B933E86009FCF16;
					};
					213869A32C8B1C0100FB2300 = {
						CreatedOnToolsVersion = 15.4;
						TestTargetID = 217387B72B933E86009FCF16;
					};
					217387B72B933E86009FCF16 = {
						CreatedOnToolsVersion = 14.3.1;
					};
				};
			};
			buildConfigurationList = 217387B32B933E86009FCF16 /* Build configuration list for PBXProject "DailyMusic" */;
			compatibilityVersion = "Xcode 14.0";
			developmentRegion = en;
			hasScannedForEncodings = 0;
			knownRegions = (
				en,
				Base,
			);
			mainGroup = 217387AF2B933E86009FCF16;
			packageReferences = (
				2163C4D32BC685EB005C7079 /* XCRemoteSwiftPackageReference "Then" */,
				2122F3CB2BCEAD960065DD02 /* XCRemoteSwiftPackageReference "Kingfisher" */,
				213869892C8B0C0300FB2300 /* XCRemoteSwiftPackageReference "SnapKit" */,
				2138698C2C8B0C2800FB2300 /* XCRemoteSwiftPackageReference "RxSwift" */,
				210FFD4B2C9047450011D309 /* XCRemoteSwiftPackageReference "RxDataSources" */,
				21134AAD2C9D72B0007EB9A4 /* XCRemoteSwiftPackageReference "firebase-ios-sdk" */,
			);
			productRefGroup = 217387B92B933E86009FCF16 /* Products */;
			projectDirPath = "";
			projectRoot = "";
			targets = (
				217387B72B933E86009FCF16 /* DailyMusic */,
				213869962C8B12E500FB2300 /* DailyMusicTests */,
				213869A32C8B1C0100FB2300 /* DailyMusicUITests */,
			);
		};
/* End PBXProject section */

/* Begin PBXResourcesBuildPhase section */
		213869952C8B12E500FB2300 /* Resources */ = {
			isa = PBXResourcesBuildPhase;
			buildActionMask = 2147483647;
			files = (
			);
			runOnlyForDeploymentPostprocessing = 0;
		};
		213869A22C8B1C0100FB2300 /* Resources */ = {
			isa = PBXResourcesBuildPhase;
			buildActionMask = 2147483647;
			files = (
			);
			runOnlyForDeploymentPostprocessing = 0;
		};
		217387B62B933E86009FCF16 /* Resources */ = {
			isa = PBXResourcesBuildPhase;
			buildActionMask = 2147483647;
			files = (
				217387C82B933E87009FCF16 /* LaunchScreen.storyboard in Resources */,
				210FFD432C8F05B00011D309 /* GoogleService-Info.plist in Resources */,
				217387C52B933E87009FCF16 /* Assets.xcassets in Resources */,
			);
			runOnlyForDeploymentPostprocessing = 0;
		};
/* End PBXResourcesBuildPhase section */

/* Begin PBXSourcesBuildPhase section */
		213869932C8B12E500FB2300 /* Sources */ = {
			isa = PBXSourcesBuildPhase;
			buildActionMask = 2147483647;
			files = (
				2138699A2C8B12E500FB2300 /* HomeViewModelTests.swift in Sources */,
			);
			runOnlyForDeploymentPostprocessing = 0;
		};
		213869A02C8B1C0100FB2300 /* Sources */ = {
			isa = PBXSourcesBuildPhase;
			buildActionMask = 2147483647;
			files = (
				213869A92C8B1C0100FB2300 /* DailyMusicUITestsLaunchTests.swift in Sources */,
				213869A72C8B1C0100FB2300 /* DailyMusicUITests.swift in Sources */,
			);
			runOnlyForDeploymentPostprocessing = 0;
		};
		217387B42B933E86009FCF16 /* Sources */ = {
			isa = PBXSourcesBuildPhase;
			buildActionMask = 2147483647;
			files = (
				21AACD7E2C8B7C9F0015D35E /* GetFeedResponseDTO.swift in Sources */,
				217387DF2B935AD1009FCF16 /* HomeCollectionViewCell.swift in Sources */,
				21AACD6D2C8B778A0015D35E /* Feed.swift in Sources */,
				210FFD452C8F11FD0011D309 /* FeedUseCase.swift in Sources */,
				21AACD7B2C8B7ACE0015D35E /* Repository.swift in Sources */,
				2147F7712BCE654F001230D7 /* UITextField+.swift in Sources */,
				2150A3682BCD8541009B2420 /* AddFeedView.swift in Sources */,
				217387D52B935369009FCF16 /* HomeView.swift in Sources */,
				211BDB062BC853C700404C3D /* AddFeedViewController.swift in Sources */,
				210FFD482C8F17AE0011D309 /* UploadFeedRequestDTO.swift in Sources */,
				217387C02B933E86009FCF16 /* HomeViewController.swift in Sources */,
				217387BC2B933E86009FCF16 /* AppDelegate.swift in Sources */,
				2147F77F2BCE82E1001230D7 /* HomeViewModel.swift in Sources */,
				21AACD712C8B792B0015D35E /* RepositoryInterface.swift in Sources */,
				2147F77C2BCE795A001230D7 /* AddFeedViewModel.swift in Sources */,
				217387D02B934DED009FCF16 /* MyProfileViewController.swift in Sources */,
				217387BE2B933E86009FCF16 /* SceneDelegate.swift in Sources */,
			);
			runOnlyForDeploymentPostprocessing = 0;
		};
/* End PBXSourcesBuildPhase section */

/* Begin PBXTargetDependency section */
		2138699C2C8B12E500FB2300 /* PBXTargetDependency */ = {
			isa = PBXTargetDependency;
			target = 217387B72B933E86009FCF16 /* DailyMusic */;
			targetProxy = 2138699B2C8B12E500FB2300 /* PBXContainerItemProxy */;
		};
		213869AB2C8B1C0100FB2300 /* PBXTargetDependency */ = {
			isa = PBXTargetDependency;
			target = 217387B72B933E86009FCF16 /* DailyMusic */;
			targetProxy = 213869AA2C8B1C0100FB2300 /* PBXContainerItemProxy */;
		};
/* End PBXTargetDependency section */

/* Begin PBXVariantGroup section */
		217387C62B933E87009FCF16 /* LaunchScreen.storyboard */ = {
			isa = PBXVariantGroup;
			children = (
				217387C72B933E87009FCF16 /* Base */,
			);
			name = LaunchScreen.storyboard;
			sourceTree = "<group>";
		};
/* End PBXVariantGroup section */

/* Begin XCBuildConfiguration section */
		2138699E2C8B12E500FB2300 /* Debug */ = {
			isa = XCBuildConfiguration;
			buildSettings = {
				ASSETCATALOG_COMPILER_GENERATE_SWIFT_ASSET_SYMBOL_EXTENSIONS = YES;
				BUNDLE_LOADER = "$(TEST_HOST)";
				CODE_SIGN_STYLE = Automatic;
				CURRENT_PROJECT_VERSION = 1;
				DEVELOPMENT_TEAM = MVRMRHCZ4J;
				GCC_C_LANGUAGE_STANDARD = gnu17;
				GENERATE_INFOPLIST_FILE = YES;
				IPHONEOS_DEPLOYMENT_TARGET = 17.5;
				LOCALIZATION_PREFERS_STRING_CATALOGS = YES;
				MARKETING_VERSION = 1.0;
				PRODUCT_BUNDLE_IDENTIFIER = JBWang.DailyMusicTests;
				PRODUCT_NAME = "$(TARGET_NAME)";
				SWIFT_ACTIVE_COMPILATION_CONDITIONS = "DEBUG $(inherited)";
				SWIFT_EMIT_LOC_STRINGS = NO;
				SWIFT_VERSION = 5.0;
				TARGETED_DEVICE_FAMILY = "1,2";
				TEST_HOST = "$(BUILT_PRODUCTS_DIR)/DailyMusic.app/$(BUNDLE_EXECUTABLE_FOLDER_PATH)/DailyMusic";
			};
			name = Debug;
		};
		2138699F2C8B12E500FB2300 /* Release */ = {
			isa = XCBuildConfiguration;
			buildSettings = {
				ASSETCATALOG_COMPILER_GENERATE_SWIFT_ASSET_SYMBOL_EXTENSIONS = YES;
				BUNDLE_LOADER = "$(TEST_HOST)";
				CODE_SIGN_STYLE = Automatic;
				CURRENT_PROJECT_VERSION = 1;
				DEVELOPMENT_TEAM = MVRMRHCZ4J;
				GCC_C_LANGUAGE_STANDARD = gnu17;
				GENERATE_INFOPLIST_FILE = YES;
				IPHONEOS_DEPLOYMENT_TARGET = 17.5;
				LOCALIZATION_PREFERS_STRING_CATALOGS = YES;
				MARKETING_VERSION = 1.0;
				PRODUCT_BUNDLE_IDENTIFIER = JBWang.DailyMusicTests;
				PRODUCT_NAME = "$(TARGET_NAME)";
				SWIFT_EMIT_LOC_STRINGS = NO;
				SWIFT_VERSION = 5.0;
				TARGETED_DEVICE_FAMILY = "1,2";
				TEST_HOST = "$(BUILT_PRODUCTS_DIR)/DailyMusic.app/$(BUNDLE_EXECUTABLE_FOLDER_PATH)/DailyMusic";
			};
			name = Release;
		};
		213869AD2C8B1C0100FB2300 /* Debug */ = {
			isa = XCBuildConfiguration;
			buildSettings = {
				ASSETCATALOG_COMPILER_GENERATE_SWIFT_ASSET_SYMBOL_EXTENSIONS = YES;
				CODE_SIGN_STYLE = Automatic;
				CURRENT_PROJECT_VERSION = 1;
				DEVELOPMENT_TEAM = MVRMRHCZ4J;
				GCC_C_LANGUAGE_STANDARD = gnu17;
				GENERATE_INFOPLIST_FILE = YES;
				IPHONEOS_DEPLOYMENT_TARGET = 17.5;
				LOCALIZATION_PREFERS_STRING_CATALOGS = YES;
				MARKETING_VERSION = 1.0;
				PRODUCT_BUNDLE_IDENTIFIER = JBWang.DailyMusicUITests;
				PRODUCT_NAME = "$(TARGET_NAME)";
				SWIFT_ACTIVE_COMPILATION_CONDITIONS = "DEBUG $(inherited)";
				SWIFT_EMIT_LOC_STRINGS = NO;
				SWIFT_VERSION = 5.0;
				TARGETED_DEVICE_FAMILY = "1,2";
				TEST_TARGET_NAME = DailyMusic;
			};
			name = Debug;
		};
		213869AE2C8B1C0100FB2300 /* Release */ = {
			isa = XCBuildConfiguration;
			buildSettings = {
				ASSETCATALOG_COMPILER_GENERATE_SWIFT_ASSET_SYMBOL_EXTENSIONS = YES;
				CODE_SIGN_STYLE = Automatic;
				CURRENT_PROJECT_VERSION = 1;
				DEVELOPMENT_TEAM = MVRMRHCZ4J;
				GCC_C_LANGUAGE_STANDARD = gnu17;
				GENERATE_INFOPLIST_FILE = YES;
				IPHONEOS_DEPLOYMENT_TARGET = 17.5;
				LOCALIZATION_PREFERS_STRING_CATALOGS = YES;
				MARKETING_VERSION = 1.0;
				PRODUCT_BUNDLE_IDENTIFIER = JBWang.DailyMusicUITests;
				PRODUCT_NAME = "$(TARGET_NAME)";
				SWIFT_EMIT_LOC_STRINGS = NO;
				SWIFT_VERSION = 5.0;
				TARGETED_DEVICE_FAMILY = "1,2";
				TEST_TARGET_NAME = DailyMusic;
			};
			name = Release;
		};
		217387CA2B933E87009FCF16 /* Debug */ = {
			isa = XCBuildConfiguration;
			buildSettings = {
				ALWAYS_SEARCH_USER_PATHS = NO;
				CLANG_ANALYZER_NONNULL = YES;
				CLANG_ANALYZER_NUMBER_OBJECT_CONVERSION = YES_AGGRESSIVE;
				CLANG_CXX_LANGUAGE_STANDARD = "gnu++20";
				CLANG_ENABLE_MODULES = YES;
				CLANG_ENABLE_OBJC_ARC = YES;
				CLANG_ENABLE_OBJC_WEAK = YES;
				CLANG_WARN_BLOCK_CAPTURE_AUTORELEASING = YES;
				CLANG_WARN_BOOL_CONVERSION = YES;
				CLANG_WARN_COMMA = YES;
				CLANG_WARN_CONSTANT_CONVERSION = YES;
				CLANG_WARN_DEPRECATED_OBJC_IMPLEMENTATIONS = YES;
				CLANG_WARN_DIRECT_OBJC_ISA_USAGE = YES_ERROR;
				CLANG_WARN_DOCUMENTATION_COMMENTS = YES;
				CLANG_WARN_EMPTY_BODY = YES;
				CLANG_WARN_ENUM_CONVERSION = YES;
				CLANG_WARN_INFINITE_RECURSION = YES;
				CLANG_WARN_INT_CONVERSION = YES;
				CLANG_WARN_NON_LITERAL_NULL_CONVERSION = YES;
				CLANG_WARN_OBJC_IMPLICIT_RETAIN_SELF = YES;
				CLANG_WARN_OBJC_LITERAL_CONVERSION = YES;
				CLANG_WARN_OBJC_ROOT_CLASS = YES_ERROR;
				CLANG_WARN_QUOTED_INCLUDE_IN_FRAMEWORK_HEADER = YES;
				CLANG_WARN_RANGE_LOOP_ANALYSIS = YES;
				CLANG_WARN_STRICT_PROTOTYPES = YES;
				CLANG_WARN_SUSPICIOUS_MOVE = YES;
				CLANG_WARN_UNGUARDED_AVAILABILITY = YES_AGGRESSIVE;
				CLANG_WARN_UNREACHABLE_CODE = YES;
				CLANG_WARN__DUPLICATE_METHOD_MATCH = YES;
				COPY_PHASE_STRIP = NO;
				DEBUG_INFORMATION_FORMAT = dwarf;
				ENABLE_STRICT_OBJC_MSGSEND = YES;
				ENABLE_TESTABILITY = YES;
				ENABLE_USER_SCRIPT_SANDBOXING = YES;
				GCC_C_LANGUAGE_STANDARD = gnu11;
				GCC_DYNAMIC_NO_PIC = NO;
				GCC_NO_COMMON_BLOCKS = YES;
				GCC_OPTIMIZATION_LEVEL = 0;
				GCC_PREPROCESSOR_DEFINITIONS = (
					"DEBUG=1",
					"$(inherited)",
				);
				GCC_WARN_64_TO_32_BIT_CONVERSION = YES;
				GCC_WARN_ABOUT_RETURN_TYPE = YES_ERROR;
				GCC_WARN_UNDECLARED_SELECTOR = YES;
				GCC_WARN_UNINITIALIZED_AUTOS = YES_AGGRESSIVE;
				GCC_WARN_UNUSED_FUNCTION = YES;
				GCC_WARN_UNUSED_VARIABLE = YES;
				IPHONEOS_DEPLOYMENT_TARGET = 15.0;
				MTL_ENABLE_DEBUG_INFO = INCLUDE_SOURCE;
				MTL_FAST_MATH = YES;
				ONLY_ACTIVE_ARCH = YES;
				SDKROOT = iphoneos;
				SWIFT_ACTIVE_COMPILATION_CONDITIONS = DEBUG;
				SWIFT_OPTIMIZATION_LEVEL = "-Onone";
			};
			name = Debug;
		};
		217387CB2B933E87009FCF16 /* Release */ = {
			isa = XCBuildConfiguration;
			buildSettings = {
				ALWAYS_SEARCH_USER_PATHS = NO;
				CLANG_ANALYZER_NONNULL = YES;
				CLANG_ANALYZER_NUMBER_OBJECT_CONVERSION = YES_AGGRESSIVE;
				CLANG_CXX_LANGUAGE_STANDARD = "gnu++20";
				CLANG_ENABLE_MODULES = YES;
				CLANG_ENABLE_OBJC_ARC = YES;
				CLANG_ENABLE_OBJC_WEAK = YES;
				CLANG_WARN_BLOCK_CAPTURE_AUTORELEASING = YES;
				CLANG_WARN_BOOL_CONVERSION = YES;
				CLANG_WARN_COMMA = YES;
				CLANG_WARN_CONSTANT_CONVERSION = YES;
				CLANG_WARN_DEPRECATED_OBJC_IMPLEMENTATIONS = YES;
				CLANG_WARN_DIRECT_OBJC_ISA_USAGE = YES_ERROR;
				CLANG_WARN_DOCUMENTATION_COMMENTS = YES;
				CLANG_WARN_EMPTY_BODY = YES;
				CLANG_WARN_ENUM_CONVERSION = YES;
				CLANG_WARN_INFINITE_RECURSION = YES;
				CLANG_WARN_INT_CONVERSION = YES;
				CLANG_WARN_NON_LITERAL_NULL_CONVERSION = YES;
				CLANG_WARN_OBJC_IMPLICIT_RETAIN_SELF = YES;
				CLANG_WARN_OBJC_LITERAL_CONVERSION = YES;
				CLANG_WARN_OBJC_ROOT_CLASS = YES_ERROR;
				CLANG_WARN_QUOTED_INCLUDE_IN_FRAMEWORK_HEADER = YES;
				CLANG_WARN_RANGE_LOOP_ANALYSIS = YES;
				CLANG_WARN_STRICT_PROTOTYPES = YES;
				CLANG_WARN_SUSPICIOUS_MOVE = YES;
				CLANG_WARN_UNGUARDED_AVAILABILITY = YES_AGGRESSIVE;
				CLANG_WARN_UNREACHABLE_CODE = YES;
				CLANG_WARN__DUPLICATE_METHOD_MATCH = YES;
				COPY_PHASE_STRIP = NO;
				DEBUG_INFORMATION_FORMAT = "dwarf-with-dsym";
				ENABLE_NS_ASSERTIONS = NO;
				ENABLE_STRICT_OBJC_MSGSEND = YES;
				ENABLE_USER_SCRIPT_SANDBOXING = YES;
				GCC_C_LANGUAGE_STANDARD = gnu11;
				GCC_NO_COMMON_BLOCKS = YES;
				GCC_WARN_64_TO_32_BIT_CONVERSION = YES;
				GCC_WARN_ABOUT_RETURN_TYPE = YES_ERROR;
				GCC_WARN_UNDECLARED_SELECTOR = YES;
				GCC_WARN_UNINITIALIZED_AUTOS = YES_AGGRESSIVE;
				GCC_WARN_UNUSED_FUNCTION = YES;
				GCC_WARN_UNUSED_VARIABLE = YES;
				IPHONEOS_DEPLOYMENT_TARGET = 15.0;
				MTL_ENABLE_DEBUG_INFO = NO;
				MTL_FAST_MATH = YES;
				SDKROOT = iphoneos;
				SWIFT_COMPILATION_MODE = wholemodule;
				SWIFT_OPTIMIZATION_LEVEL = "-O";
				VALIDATE_PRODUCT = YES;
			};
			name = Release;
		};
		217387CD2B933E87009FCF16 /* Debug */ = {
			isa = XCBuildConfiguration;
			buildSettings = {
				ASSETCATALOG_COMPILER_APPICON_NAME = AppIcon;
				ASSETCATALOG_COMPILER_GLOBAL_ACCENT_COLOR_NAME = AccentColor;
				CODE_SIGN_STYLE = Automatic;
				CURRENT_PROJECT_VERSION = 1;
				DEVELOPMENT_TEAM = MVRMRHCZ4J;
				GENERATE_INFOPLIST_FILE = YES;
				INFOPLIST_FILE = DailyMusic/Info.plist;
				INFOPLIST_KEY_UIApplicationSupportsIndirectInputEvents = YES;
				INFOPLIST_KEY_UILaunchStoryboardName = LaunchScreen;
				INFOPLIST_KEY_UISupportedInterfaceOrientations_iPad = "UIInterfaceOrientationPortrait UIInterfaceOrientationPortraitUpsideDown UIInterfaceOrientationLandscapeLeft UIInterfaceOrientationLandscapeRight";
				INFOPLIST_KEY_UISupportedInterfaceOrientations_iPhone = "UIInterfaceOrientationPortrait UIInterfaceOrientationLandscapeLeft UIInterfaceOrientationLandscapeRight";
				LD_RUNPATH_SEARCH_PATHS = (
					"$(inherited)",
					"@executable_path/Frameworks",
				);
				MARKETING_VERSION = 1.0;
				PRODUCT_BUNDLE_IDENTIFIER = kr.wang.DailyMusic;
				PRODUCT_NAME = "$(TARGET_NAME)";
				SUPPORTED_PLATFORMS = "iphoneos iphonesimulator";
				SUPPORTS_MACCATALYST = NO;
				SUPPORTS_MAC_DESIGNED_FOR_IPHONE_IPAD = NO;
				SUPPORTS_XR_DESIGNED_FOR_IPHONE_IPAD = NO;
				SWIFT_EMIT_LOC_STRINGS = YES;
				SWIFT_VERSION = 5.0;
				TARGETED_DEVICE_FAMILY = 1;
			};
			name = Debug;
		};
		217387CE2B933E87009FCF16 /* Release */ = {
			isa = XCBuildConfiguration;
			buildSettings = {
				ASSETCATALOG_COMPILER_APPICON_NAME = AppIcon;
				ASSETCATALOG_COMPILER_GLOBAL_ACCENT_COLOR_NAME = AccentColor;
				CODE_SIGN_STYLE = Automatic;
				CURRENT_PROJECT_VERSION = 1;
				DEVELOPMENT_TEAM = MVRMRHCZ4J;
				GENERATE_INFOPLIST_FILE = YES;
				INFOPLIST_FILE = DailyMusic/Info.plist;
				INFOPLIST_KEY_UIApplicationSupportsIndirectInputEvents = YES;
				INFOPLIST_KEY_UILaunchStoryboardName = LaunchScreen;
				INFOPLIST_KEY_UISupportedInterfaceOrientations_iPad = "UIInterfaceOrientationPortrait UIInterfaceOrientationPortraitUpsideDown UIInterfaceOrientationLandscapeLeft UIInterfaceOrientationLandscapeRight";
				INFOPLIST_KEY_UISupportedInterfaceOrientations_iPhone = "UIInterfaceOrientationPortrait UIInterfaceOrientationLandscapeLeft UIInterfaceOrientationLandscapeRight";
				LD_RUNPATH_SEARCH_PATHS = (
					"$(inherited)",
					"@executable_path/Frameworks",
				);
				MARKETING_VERSION = 1.0;
				PRODUCT_BUNDLE_IDENTIFIER = kr.wang.DailyMusic;
				PRODUCT_NAME = "$(TARGET_NAME)";
				SUPPORTED_PLATFORMS = "iphoneos iphonesimulator";
				SUPPORTS_MACCATALYST = NO;
				SUPPORTS_MAC_DESIGNED_FOR_IPHONE_IPAD = NO;
				SUPPORTS_XR_DESIGNED_FOR_IPHONE_IPAD = NO;
				SWIFT_EMIT_LOC_STRINGS = YES;
				SWIFT_VERSION = 5.0;
				TARGETED_DEVICE_FAMILY = 1;
			};
			name = Release;
		};
/* End XCBuildConfiguration section */

/* Begin XCConfigurationList section */
		2138699D2C8B12E500FB2300 /* Build configuration list for PBXNativeTarget "DailyMusicTests" */ = {
			isa = XCConfigurationList;
			buildConfigurations = (
				2138699E2C8B12E500FB2300 /* Debug */,
				2138699F2C8B12E500FB2300 /* Release */,
			);
			defaultConfigurationIsVisible = 0;
			defaultConfigurationName = Release;
		};
		213869AC2C8B1C0100FB2300 /* Build configuration list for PBXNativeTarget "DailyMusicUITests" */ = {
			isa = XCConfigurationList;
			buildConfigurations = (
				213869AD2C8B1C0100FB2300 /* Debug */,
				213869AE2C8B1C0100FB2300 /* Release */,
			);
			defaultConfigurationIsVisible = 0;
			defaultConfigurationName = Release;
		};
		217387B32B933E86009FCF16 /* Build configuration list for PBXProject "DailyMusic" */ = {
			isa = XCConfigurationList;
			buildConfigurations = (
				217387CA2B933E87009FCF16 /* Debug */,
				217387CB2B933E87009FCF16 /* Release */,
			);
			defaultConfigurationIsVisible = 0;
			defaultConfigurationName = Release;
		};
		217387CC2B933E87009FCF16 /* Build configuration list for PBXNativeTarget "DailyMusic" */ = {
			isa = XCConfigurationList;
			buildConfigurations = (
				217387CD2B933E87009FCF16 /* Debug */,
				217387CE2B933E87009FCF16 /* Release */,
			);
			defaultConfigurationIsVisible = 0;
			defaultConfigurationName = Release;
		};
/* End XCConfigurationList section */

/* Begin XCRemoteSwiftPackageReference section */
		210FFD4B2C9047450011D309 /* XCRemoteSwiftPackageReference "RxDataSources" */ = {
			isa = XCRemoteSwiftPackageReference;
			repositoryURL = "https://github.com/RxSwiftCommunity/RxDataSources";
			requirement = {
				kind = upToNextMajorVersion;
				minimumVersion = 5.0.2;
			};
		};
		21134AAD2C9D72B0007EB9A4 /* XCRemoteSwiftPackageReference "firebase-ios-sdk" */ = {
			isa = XCRemoteSwiftPackageReference;
			repositoryURL = "https://github.com/firebase/firebase-ios-sdk.git";
			requirement = {
				kind = upToNextMajorVersion;
				minimumVersion = 11.2.0;
			};
		};
		2122F3CB2BCEAD960065DD02 /* XCRemoteSwiftPackageReference "Kingfisher" */ = {
			isa = XCRemoteSwiftPackageReference;
			repositoryURL = "https://github.com/onevcat/Kingfisher";
			requirement = {
				kind = upToNextMajorVersion;
				minimumVersion = 7.0.0;
			};
		};
		213869892C8B0C0300FB2300 /* XCRemoteSwiftPackageReference "SnapKit" */ = {
			isa = XCRemoteSwiftPackageReference;
			repositoryURL = "https://github.com/SnapKit/SnapKit";
			requirement = {
				kind = upToNextMajorVersion;
				minimumVersion = 5.7.1;
			};
		};
		2138698C2C8B0C2800FB2300 /* XCRemoteSwiftPackageReference "RxSwift" */ = {
			isa = XCRemoteSwiftPackageReference;
			repositoryURL = "https://github.com/ReactiveX/RxSwift";
			requirement = {
				kind = upToNextMajorVersion;
				minimumVersion = 6.7.1;
			};
		};
		2163C4D32BC685EB005C7079 /* XCRemoteSwiftPackageReference "Then" */ = {
			isa = XCRemoteSwiftPackageReference;
			repositoryURL = "https://github.com/devxoul/Then";
			requirement = {
				kind = upToNextMajorVersion;
				minimumVersion = 3.0.0;
			};
		};
/* End XCRemoteSwiftPackageReference section */

/* Begin XCSwiftPackageProductDependency section */
		210FFD4C2C9047450011D309 /* RxDataSources */ = {
			isa = XCSwiftPackageProductDependency;
			package = 210FFD4B2C9047450011D309 /* XCRemoteSwiftPackageReference "RxDataSources" */;
			productName = RxDataSources;
		};
		21134AAE2C9D72B0007EB9A4 /* FirebaseAnalytics */ = {
			isa = XCSwiftPackageProductDependency;
			package = 21134AAD2C9D72B0007EB9A4 /* XCRemoteSwiftPackageReference "firebase-ios-sdk" */;
			productName = FirebaseAnalytics;
		};
		21134AB02C9D72B0007EB9A4 /* FirebaseFirestore */ = {
			isa = XCSwiftPackageProductDependency;
			package = 21134AAD2C9D72B0007EB9A4 /* XCRemoteSwiftPackageReference "firebase-ios-sdk" */;
			productName = FirebaseFirestore;
		};
		21134AB22C9D72B0007EB9A4 /* FirebaseStorage */ = {
			isa = XCSwiftPackageProductDependency;
			package = 21134AAD2C9D72B0007EB9A4 /* XCRemoteSwiftPackageReference "firebase-ios-sdk" */;
			productName = FirebaseStorage;
		};
		2122F3CC2BCEAD960065DD02 /* Kingfisher */ = {
			isa = XCSwiftPackageProductDependency;
			package = 2122F3CB2BCEAD960065DD02 /* XCRemoteSwiftPackageReference "Kingfisher" */;
			productName = Kingfisher;
		};
		2138698A2C8B0C0300FB2300 /* SnapKit */ = {
			isa = XCSwiftPackageProductDependency;
			package = 213869892C8B0C0300FB2300 /* XCRemoteSwiftPackageReference "SnapKit" */;
			productName = SnapKit;
		};
		2138698D2C8B0C2800FB2300 /* RxCocoa */ = {
			isa = XCSwiftPackageProductDependency;
			package = 2138698C2C8B0C2800FB2300 /* XCRemoteSwiftPackageReference "RxSwift" */;
			productName = RxCocoa;
		};
		2138698F2C8B0C2800FB2300 /* RxRelay */ = {
			isa = XCSwiftPackageProductDependency;
			package = 2138698C2C8B0C2800FB2300 /* XCRemoteSwiftPackageReference "RxSwift" */;
			productName = RxRelay;
		};
		213869912C8B0C2800FB2300 /* RxSwift */ = {
			isa = XCSwiftPackageProductDependency;
			package = 2138698C2C8B0C2800FB2300 /* XCRemoteSwiftPackageReference "RxSwift" */;
			productName = RxSwift;
		};
		2163C4D42BC685EB005C7079 /* Then */ = {
			isa = XCSwiftPackageProductDependency;
			package = 2163C4D32BC685EB005C7079 /* XCRemoteSwiftPackageReference "Then" */;
			productName = Then;
		};
/* End XCSwiftPackageProductDependency section */
	};
	rootObject = 217387B02B933E86009FCF16 /* Project object */;
}
